// !$*UTF8*$!
{
	archiveVersion = 1;
	classes = {
	};
	objectVersion = 55;
	objects = {

/* Begin PBXBuildFile section */
		05A5C30028C0336C0035A626 /* DAWIRApp.swift in Sources */ = {isa = PBXBuildFile; fileRef = 05A5C2FF28C0336C0035A626 /* DAWIRApp.swift */; };
		05A5C30228C0336C0035A626 /* ContentView.swift in Sources */ = {isa = PBXBuildFile; fileRef = 05A5C30128C0336C0035A626 /* ContentView.swift */; };
		05A5C30428C033710035A626 /* Assets.xcassets in Resources */ = {isa = PBXBuildFile; fileRef = 05A5C30328C033710035A626 /* Assets.xcassets */; };
		05A5C30728C033710035A626 /* Preview Assets.xcassets in Resources */ = {isa = PBXBuildFile; fileRef = 05A5C30628C033710035A626 /* Preview Assets.xcassets */; };
		05A5C30E28C033E40035A626 /* SplashScreen.swift in Sources */ = {isa = PBXBuildFile; fileRef = 05A5C30D28C033E40035A626 /* SplashScreen.swift */; };
		05A5C31528C0444C0035A626 /* GraphikArabic-Bold.otf in Resources */ = {isa = PBXBuildFile; fileRef = 05A5C30F28C0444B0035A626 /* GraphikArabic-Bold.otf */; };
		05A5C31628C0444C0035A626 /* GraphikArabic-Medium.otf in Resources */ = {isa = PBXBuildFile; fileRef = 05A5C31028C0444B0035A626 /* GraphikArabic-Medium.otf */; };
		05A5C31728C0444C0035A626 /* GraphikArabic-Semibold.otf in Resources */ = {isa = PBXBuildFile; fileRef = 05A5C31128C0444B0035A626 /* GraphikArabic-Semibold.otf */; };
		05A5C31828C0444C0035A626 /* GraphikArabic-Regular.otf in Resources */ = {isa = PBXBuildFile; fileRef = 05A5C31228C0444B0035A626 /* GraphikArabic-Regular.otf */; };
		05A5C31928C0444C0035A626 /* GraphikArabic-Black.otf in Resources */ = {isa = PBXBuildFile; fileRef = 05A5C31328C0444B0035A626 /* GraphikArabic-Black.otf */; };
		05A5C31A28C0444C0035A626 /* GraphikArabic-Super.otf in Resources */ = {isa = PBXBuildFile; fileRef = 05A5C31428C0444B0035A626 /* GraphikArabic-Super.otf */; };
/* End PBXBuildFile section */

/* Begin PBXFileReference section */
		05A5C2FC28C0336C0035A626 /* DAWIR.app */ = {isa = PBXFileReference; explicitFileType = wrapper.application; includeInIndex = 0; path = DAWIR.app; sourceTree = BUILT_PRODUCTS_DIR; };
		05A5C2FF28C0336C0035A626 /* DAWIRApp.swift */ = {isa = PBXFileReference; lastKnownFileType = sourcecode.swift; path = DAWIRApp.swift; sourceTree = "<group>"; };
		05A5C30128C0336C0035A626 /* ContentView.swift */ = {isa = PBXFileReference; lastKnownFileType = sourcecode.swift; path = ContentView.swift; sourceTree = "<group>"; };
		05A5C30328C033710035A626 /* Assets.xcassets */ = {isa = PBXFileReference; lastKnownFileType = folder.assetcatalog; path = Assets.xcassets; sourceTree = "<group>"; };
		05A5C30628C033710035A626 /* Preview Assets.xcassets */ = {isa = PBXFileReference; lastKnownFileType = folder.assetcatalog; path = "Preview Assets.xcassets"; sourceTree = "<group>"; };
		05A5C30D28C033E40035A626 /* SplashScreen.swift */ = {isa = PBXFileReference; lastKnownFileType = sourcecode.swift; path = SplashScreen.swift; sourceTree = "<group>"; };
		05A5C30F28C0444B0035A626 /* GraphikArabic-Bold.otf */ = {isa = PBXFileReference; lastKnownFileType = file; path = "GraphikArabic-Bold.otf"; sourceTree = "<group>"; };
		05A5C31028C0444B0035A626 /* GraphikArabic-Medium.otf */ = {isa = PBXFileReference; lastKnownFileType = file; path = "GraphikArabic-Medium.otf"; sourceTree = "<group>"; };
		05A5C31128C0444B0035A626 /* GraphikArabic-Semibold.otf */ = {isa = PBXFileReference; lastKnownFileType = file; path = "GraphikArabic-Semibold.otf"; sourceTree = "<group>"; };
		05A5C31228C0444B0035A626 /* GraphikArabic-Regular.otf */ = {isa = PBXFileReference; lastKnownFileType = file; path = "GraphikArabic-Regular.otf"; sourceTree = "<group>"; };
		05A5C31328C0444B0035A626 /* GraphikArabic-Black.otf */ = {isa = PBXFileReference; lastKnownFileType = file; path = "GraphikArabic-Black.otf"; sourceTree = "<group>"; };
		05A5C31428C0444B0035A626 /* GraphikArabic-Super.otf */ = {isa = PBXFileReference; lastKnownFileType = file; path = "GraphikArabic-Super.otf"; sourceTree = "<group>"; };
		05A5C31C28C044800035A626 /* Info.plist */ = {isa = PBXFileReference; lastKnownFileType = text.plist; path = Info.plist; sourceTree = "<group>"; };
/* End PBXFileReference section */

/* Begin PBXFrameworksBuildPhase section */
		05A5C2F928C0336C0035A626 /* Frameworks */ = {
			isa = PBXFrameworksBuildPhase;
			buildActionMask = 2147483647;
			files = (
			);
			runOnlyForDeploymentPostprocessing = 0;
		};
/* End PBXFrameworksBuildPhase section */

/* Begin PBXGroup section */
		05A5C2F328C0336C0035A626 = {
			isa = PBXGroup;
			children = (
				05A5C2FE28C0336C0035A626 /* DAWIR */,
				05A5C2FD28C0336C0035A626 /* Products */,
			);
			sourceTree = "<group>";
		};
		05A5C2FD28C0336C0035A626 /* Products */ = {
			isa = PBXGroup;
			children = (
				05A5C2FC28C0336C0035A626 /* DAWIR.app */,
			);
			name = Products;
			sourceTree = "<group>";
		};
		05A5C2FE28C0336C0035A626 /* DAWIR */ = {
			isa = PBXGroup;
			children = (
				05A5C31C28C044800035A626 /* Info.plist */,
				05A5C2FF28C0336C0035A626 /* DAWIRApp.swift */,
				05A5C30128C0336C0035A626 /* ContentView.swift */,
				05A5C30D28C033E40035A626 /* SplashScreen.swift */,
				05A5C30328C033710035A626 /* Assets.xcassets */,
				05A5C30528C033710035A626 /* Preview Content */,
			);
			path = DAWIR;
			sourceTree = "<group>";
		};
		05A5C30528C033710035A626 /* Preview Content */ = {
			isa = PBXGroup;
			children = (
				05A5C30628C033710035A626 /* Preview Assets.xcassets */,
				05A5C31B28C044550035A626 /* FONTS */,
			);
			path = "Preview Content";
			sourceTree = "<group>";
		};
		05A5C31B28C044550035A626 /* FONTS */ = {
			isa = PBXGroup;
			children = (
				05A5C31428C0444B0035A626 /* GraphikArabic-Super.otf */,
				05A5C31328C0444B0035A626 /* GraphikArabic-Black.otf */,
				05A5C30F28C0444B0035A626 /* GraphikArabic-Bold.otf */,
				05A5C31128C0444B0035A626 /* GraphikArabic-Semibold.otf */,
				05A5C31028C0444B0035A626 /* GraphikArabic-Medium.otf */,
				05A5C31228C0444B0035A626 /* GraphikArabic-Regular.otf */,
			);
			path = FONTS;
			sourceTree = "<group>";
		};
/* End PBXGroup section */

/* Begin PBXNativeTarget section */
		05A5C2FB28C0336C0035A626 /* DAWIR */ = {
			isa = PBXNativeTarget;
			buildConfigurationList = 05A5C30A28C033710035A626 /* Build configuration list for PBXNativeTarget "DAWIR" */;
			buildPhases = (
				05A5C2F828C0336C0035A626 /* Sources */,
				05A5C2F928C0336C0035A626 /* Frameworks */,
				05A5C2FA28C0336C0035A626 /* Resources */,
			);
			buildRules = (
			);
			dependencies = (
			);
			name = DAWIR;
			productName = DAWIR;
			productReference = 05A5C2FC28C0336C0035A626 /* DAWIR.app */;
			productType = "com.apple.product-type.application";
		};
/* End PBXNativeTarget section */

/* Begin PBXProject section */
		05A5C2F428C0336C0035A626 /* Project object */ = {
			isa = PBXProject;
			attributes = {
				BuildIndependentTargetsInParallel = 1;
				LastSwiftUpdateCheck = 1340;
				LastUpgradeCheck = 1340;
				TargetAttributes = {
					05A5C2FB28C0336C0035A626 = {
						CreatedOnToolsVersion = 13.4.1;
					};
				};
			};
			buildConfigurationList = 05A5C2F728C0336C0035A626 /* Build configuration list for PBXProject "DAWIR" */;
			compatibilityVersion = "Xcode 13.0";
			developmentRegion = en;
			hasScannedForEncodings = 0;
			knownRegions = (
				en,
				Base,
			);
			mainGroup = 05A5C2F328C0336C0035A626;
			productRefGroup = 05A5C2FD28C0336C0035A626 /* Products */;
			projectDirPath = "";
			projectRoot = "";
			targets = (
				05A5C2FB28C0336C0035A626 /* DAWIR */,
			);
		};
/* End PBXProject section */

/* Begin PBXResourcesBuildPhase section */
		05A5C2FA28C0336C0035A626 /* Resources */ = {
			isa = PBXResourcesBuildPhase;
			buildActionMask = 2147483647;
			files = (
				05A5C31528C0444C0035A626 /* GraphikArabic-Bold.otf in Resources */,
				05A5C31928C0444C0035A626 /* GraphikArabic-Black.otf in Resources */,
				05A5C31A28C0444C0035A626 /* GraphikArabic-Super.otf in Resources */,
				05A5C31628C0444C0035A626 /* GraphikArabic-Medium.otf in Resources */,
				05A5C30728C033710035A626 /* Preview Assets.xcassets in Resources */,
				05A5C31828C0444C0035A626 /* GraphikArabic-Regular.otf in Resources */,
				05A5C31728C0444C0035A626 /* GraphikArabic-Semibold.otf in Resources */,
				05A5C30428C033710035A626 /* Assets.xcassets in Resources */,
			);
			runOnlyForDeploymentPostprocessing = 0;
		};
/* End PBXResourcesBuildPhase section */

/* Begin PBXSourcesBuildPhase section */
		05A5C2F828C0336C0035A626 /* Sources */ = {
			isa = PBXSourcesBuildPhase;
			buildActionMask = 2147483647;
			files = (
				05A5C30E28C033E40035A626 /* SplashScreen.swift in Sources */,
				05A5C30228C0336C0035A626 /* ContentView.swift in Sources */,
				05A5C30028C0336C0035A626 /* DAWIRApp.swift in Sources */,
			);
			runOnlyForDeploymentPostprocessing = 0;
		};
/* End PBXSourcesBuildPhase section */

/* Begin XCBuildConfiguration section */
		05A5C30828C033710035A626 /* Debug */ = {
			isa = XCBuildConfiguration;
			buildSettings = {
				ALWAYS_SEARCH_USER_PATHS = NO;
				CLANG_ANALYZER_NONNULL = YES;
				CLANG_ANALYZER_NUMBER_OBJECT_CONVERSION = YES_AGGRESSIVE;
				CLANG_CXX_LANGUAGE_STANDARD = "gnu++17";
				CLANG_ENABLE_MODULES = YES;
				CLANG_ENABLE_OBJC_ARC = YES;
				CLANG_ENABLE_OBJC_WEAK = YES;
				CLANG_WARN_BLOCK_CAPTURE_AUTORELEASING = YES;
				CLANG_WARN_BOOL_CONVERSION = YES;
				CLANG_WARN_COMMA = YES;
				CLANG_WARN_CONSTANT_CONVERSION = YES;
				CLANG_WARN_DEPRECATED_OBJC_IMPLEMENTATIONS = YES;
				CLANG_WARN_DIRECT_OBJC_ISA_USAGE = YES_ERROR;
				CLANG_WARN_DOCUMENTATION_COMMENTS = YES;
				CLANG_WARN_EMPTY_BODY = YES;
				CLANG_WARN_ENUM_CONVERSION = YES;
				CLANG_WARN_INFINITE_RECURSION = YES;
				CLANG_WARN_INT_CONVERSION = YES;
				CLANG_WARN_NON_LITERAL_NULL_CONVERSION = YES;
				CLANG_WARN_OBJC_IMPLICIT_RETAIN_SELF = YES;
				CLANG_WARN_OBJC_LITERAL_CONVERSION = YES;
				CLANG_WARN_OBJC_ROOT_CLASS = YES_ERROR;
				CLANG_WARN_QUOTED_INCLUDE_IN_FRAMEWORK_HEADER = YES;
				CLANG_WARN_RANGE_LOOP_ANALYSIS = YES;
				CLANG_WARN_STRICT_PROTOTYPES = YES;
				CLANG_WARN_SUSPICIOUS_MOVE = YES;
				CLANG_WARN_UNGUARDED_AVAILABILITY = YES_AGGRESSIVE;
				CLANG_WARN_UNREACHABLE_CODE = YES;
				CLANG_WARN__DUPLICATE_METHOD_MATCH = YES;
				COPY_PHASE_STRIP = NO;
				DEBUG_INFORMATION_FORMAT = dwarf;
				ENABLE_STRICT_OBJC_MSGSEND = YES;
				ENABLE_TESTABILITY = YES;
				GCC_C_LANGUAGE_STANDARD = gnu11;
				GCC_DYNAMIC_NO_PIC = NO;
				GCC_NO_COMMON_BLOCKS = YES;
				GCC_OPTIMIZATION_LEVEL = 0;
				GCC_PREPROCESSOR_DEFINITIONS = (
					"DEBUG=1",
					"$(inherited)",
				);
				GCC_WARN_64_TO_32_BIT_CONVERSION = YES;
				GCC_WARN_ABOUT_RETURN_TYPE = YES_ERROR;
				GCC_WARN_UNDECLARED_SELECTOR = YES;
				GCC_WARN_UNINITIALIZED_AUTOS = YES_AGGRESSIVE;
				GCC_WARN_UNUSED_FUNCTION = YES;
				GCC_WARN_UNUSED_VARIABLE = YES;
				IPHONEOS_DEPLOYMENT_TARGET = 15.5;
				MTL_ENABLE_DEBUG_INFO = INCLUDE_SOURCE;
				MTL_FAST_MATH = YES;
				ONLY_ACTIVE_ARCH = YES;
				SDKROOT = iphoneos;
				SWIFT_ACTIVE_COMPILATION_CONDITIONS = DEBUG;
				SWIFT_OPTIMIZATION_LEVEL = "-Onone";
			};
			name = Debug;
		};
		05A5C30928C033710035A626 /* Release */ = {
			isa = XCBuildConfiguration;
			buildSettings = {
				ALWAYS_SEARCH_USER_PATHS = NO;
				CLANG_ANALYZER_NONNULL = YES;
				CLANG_ANALYZER_NUMBER_OBJECT_CONVERSION = YES_AGGRESSIVE;
				CLANG_CXX_LANGUAGE_STANDARD = "gnu++17";
				CLANG_ENABLE_MODULES = YES;
				CLANG_ENABLE_OBJC_ARC = YES;
				CLANG_ENABLE_OBJC_WEAK = YES;
				CLANG_WARN_BLOCK_CAPTURE_AUTORELEASING = YES;
				CLANG_WARN_BOOL_CONVERSION = YES;
				CLANG_WARN_COMMA = YES;
				CLANG_WARN_CONSTANT_CONVERSION = YES;
				CLANG_WARN_DEPRECATED_OBJC_IMPLEMENTATIONS = YES;
				CLANG_WARN_DIRECT_OBJC_ISA_USAGE = YES_ERROR;
				CLANG_WARN_DOCUMENTATION_COMMENTS = YES;
				CLANG_WARN_EMPTY_BODY = YES;
				CLANG_WARN_ENUM_CONVERSION = YES;
				CLANG_WARN_INFINITE_RECURSION = YES;
				CLANG_WARN_INT_CONVERSION = YES;
				CLANG_WARN_NON_LITERAL_NULL_CONVERSION = YES;
				CLANG_WARN_OBJC_IMPLICIT_RETAIN_SELF = YES;
				CLANG_WARN_OBJC_LITERAL_CONVERSION = YES;
				CLANG_WARN_OBJC_ROOT_CLASS = YES_ERROR;
				CLANG_WARN_QUOTED_INCLUDE_IN_FRAMEWORK_HEADER = YES;
				CLANG_WARN_RANGE_LOOP_ANALYSIS = YES;
				CLANG_WARN_STRICT_PROTOTYPES = YES;
				CLANG_WARN_SUSPICIOUS_MOVE = YES;
				CLANG_WARN_UNGUARDED_AVAILABILITY = YES_AGGRESSIVE;
				CLANG_WARN_UNREACHABLE_CODE = YES;
				CLANG_WARN__DUPLICATE_METHOD_MATCH = YES;
				COPY_PHASE_STRIP = NO;
				DEBUG_INFORMATION_FORMAT = "dwarf-with-dsym";
				ENABLE_NS_ASSERTIONS = NO;
				ENABLE_STRICT_OBJC_MSGSEND = YES;
				GCC_C_LANGUAGE_STANDARD = gnu11;
				GCC_NO_COMMON_BLOCKS = YES;
				GCC_WARN_64_TO_32_BIT_CONVERSION = YES;
				GCC_WARN_ABOUT_RETURN_TYPE = YES_ERROR;
				GCC_WARN_UNDECLARED_SELECTOR = YES;
				GCC_WARN_UNINITIALIZED_AUTOS = YES_AGGRESSIVE;
				GCC_WARN_UNUSED_FUNCTION = YES;
				GCC_WARN_UNUSED_VARIABLE = YES;
				IPHONEOS_DEPLOYMENT_TARGET = 15.5;
				MTL_ENABLE_DEBUG_INFO = NO;
				MTL_FAST_MATH = YES;
				SDKROOT = iphoneos;
				SWIFT_COMPILATION_MODE = wholemodule;
				SWIFT_OPTIMIZATION_LEVEL = "-O";
				VALIDATE_PRODUCT = YES;
			};
			name = Release;
		};
		05A5C30B28C033710035A626 /* Debug */ = {
			isa = XCBuildConfiguration;
			buildSettings = {
				ASSETCATALOG_COMPILER_APPICON_NAME = AppIcon;
				ASSETCATALOG_COMPILER_GLOBAL_ACCENT_COLOR_NAME = AccentColor;
				CODE_SIGN_STYLE = Automatic;
				CURRENT_PROJECT_VERSION = 1;
				DEVELOPMENT_ASSET_PATHS = "\"DAWIR/Preview Content\"";
				ENABLE_PREVIEWS = YES;
				GENERATE_INFOPLIST_FILE = YES;
				INFOPLIST_FILE = DAWIR/Info.plist;
				INFOPLIST_KEY_UIApplicationSceneManifest_Generation = YES;
				INFOPLIST_KEY_UIApplicationSupportsIndirectInputEvents = YES;
				INFOPLIST_KEY_UILaunchScreen_Generation = YES;
				INFOPLIST_KEY_UISupportedInterfaceOrientations_iPad = "UIInterfaceOrientationPortrait UIInterfaceOrientationPortraitUpsideDown UIInterfaceOrientationLandscapeLeft UIInterfaceOrientationLandscapeRight";
				INFOPLIST_KEY_UISupportedInterfaceOrientations_iPhone = "UIInterfaceOrientationPortrait UIInterfaceOrientationLandscapeLeft UIInterfaceOrientationLandscapeRight";
				LD_RUNPATH_SEARCH_PATHS = (
					"$(inherited)",
					"@executable_path/Frameworks",
				);
				MARKETING_VERSION = 1.0;
				PRODUCT_BUNDLE_IDENTIFIER = com.Nourah.DAWIR;
				PRODUCT_NAME = "$(TARGET_NAME)";
				SWIFT_EMIT_LOC_STRINGS = YES;
				SWIFT_VERSION = 5.0;
				TARGETED_DEVICE_FAMILY = "1,2";
			};
			name = Debug;
		};
		05A5C30C28C033710035A626 /* Release */ = {
			isa = XCBuildConfiguration;
			buildSettings = {
				ASSETCATALOG_COMPILER_APPICON_NAME = AppIcon;
				ASSETCATALOG_COMPILER_GLOBAL_ACCENT_COLOR_NAME = AccentColor;
				CODE_SIGN_STYLE = Automatic;
				CURRENT_PROJECT_VERSION = 1;
				DEVELOPMENT_ASSET_PATHS = "\"DAWIR/Preview Content\"";
				ENABLE_PREVIEWS = YES;
				GENERATE_INFOPLIST_FILE = YES;
				INFOPLIST_FILE = DAWIR/Info.plist;
				INFOPLIST_KEY_UIApplicationSceneManifest_Generation = YES;
				INFOPLIST_KEY_UIApplicationSupportsIndirectInputEvents = YES;
				INFOPLIST_KEY_UILaunchScreen_Generation = YES;
				INFOPLIST_KEY_UISupportedInterfaceOrientations_iPad = "UIInterfaceOrientationPortrait UIInterfaceOrientationPortraitUpsideDown UIInterfaceOrientationLandscapeLeft UIInterfaceOrientationLandscapeRight";
				INFOPLIST_KEY_UISupportedInterfaceOrientations_iPhone = "UIInterfaceOrientationPortrait UIInterfaceOrientationLandscapeLeft UIInterfaceOrientationLandscapeRight";
				LD_RUNPATH_SEARCH_PATHS = (
					"$(inherited)",
					"@executable_path/Frameworks",
				);
				MARKETING_VERSION = 1.0;
				PRODUCT_BUNDLE_IDENTIFIER = com.Nourah.DAWIR;
				PRODUCT_NAME = "$(TARGET_NAME)";
				SWIFT_EMIT_LOC_STRINGS = YES;
				SWIFT_VERSION = 5.0;
				TARGETED_DEVICE_FAMILY = "1,2";
			};
			name = Release;
		};
/* End XCBuildConfiguration section */

/* Begin XCConfigurationList section */
		05A5C2F728C0336C0035A626 /* Build configuration list for PBXProject "DAWIR" */ = {
			isa = XCConfigurationList;
			buildConfigurations = (
				05A5C30828C033710035A626 /* Debug */,
				05A5C30928C033710035A626 /* Release */,
			);
			defaultConfigurationIsVisible = 0;
			defaultConfigurationName = Release;
		};
		05A5C30A28C033710035A626 /* Build configuration list for PBXNativeTarget "DAWIR" */ = {
			isa = XCConfigurationList;
			buildConfigurations = (
				05A5C30B28C033710035A626 /* Debug */,
				05A5C30C28C033710035A626 /* Release */,
			);
			defaultConfigurationIsVisible = 0;
			defaultConfigurationName = Release;
		};
/* End XCConfigurationList section */
	};
	rootObject = 05A5C2F428C0336C0035A626 /* Project object */;
}
